// !$*UTF8*$!
{
	archiveVersion = 1;
	classes = {
	};
	objectVersion = 56;
	objects = {

/* Begin PBXBuildFile section */
		A77A996429A0FFDB00A5B716 /* KeyInput.swift in Sources */ = {isa = PBXBuildFile; fileRef = A77A996329A0FFDB00A5B716 /* KeyInput.swift */; };
		A7EE07C529A0F8B9007AA0A3 /* main.swift in Sources */ = {isa = PBXBuildFile; fileRef = A7EE07C429A0F8B9007AA0A3 /* main.swift */; };
/* End PBXBuildFile section */

/* Begin PBXCopyFilesBuildPhase section */
		A7EE07BF29A0F8B9007AA0A3 /* CopyFiles */ = {
			isa = PBXCopyFilesBuildPhase;
			buildActionMask = 2147483647;
			dstPath = /usr/share/man/man1/;
			dstSubfolderSpec = 0;
			files = (
			);
			runOnlyForDeploymentPostprocessing = 1;
		};
/* End PBXCopyFilesBuildPhase section */

/* Begin PBXFileReference section */
		6F0CD65229B6CA1300F497FC /* 230307NumString.playground */ = {isa = PBXFileReference; lastKnownFileType = file.playground; path = 230307NumString.playground; sourceTree = "<group>"; xcLanguageSpecificationIdentifier = xcode.lang.swift; };
		6F0CD65329B6DC0800F497FC /* 230307보물지도.playground */ = {isa = PBXFileReference; lastKnownFileType = file.playground; path = "230307보물지도.playground"; sourceTree = "<group>"; xcLanguageSpecificationIdentifier = xcode.lang.swift; };
		6F0CD65629BC280F00F497FC /* 230311실패율.playground */ = {isa = PBXFileReference; lastKnownFileType = file.playground; path = "230311실패율.playground"; sourceTree = "<group>"; xcLanguageSpecificationIdentifier = xcode.lang.swift; };
		6F0CD65729BC563000F497FC /* 230311다트게임.playground */ = {isa = PBXFileReference; lastKnownFileType = file.playground; path = "230311다트게임.playground"; sourceTree = "<group>"; xcLanguageSpecificationIdentifier = xcode.lang.swift; };
		6F7694CC29C014CC00AF2F0D /* 230314크레인.playground */ = {isa = PBXFileReference; lastKnownFileType = file.playground; path = "230314크레인.playground"; sourceTree = "<group>"; xcLanguageSpecificationIdentifier = xcode.lang.swift; };
		6F7694CD29C02E9B00AF2F0D /* 230314키패드.playground */ = {isa = PBXFileReference; lastKnownFileType = file.playground; path = "230314키패드.playground"; sourceTree = "<group>"; xcLanguageSpecificationIdentifier = xcode.lang.swift; };
		6F7694CF29C5992200AF2F0D /* 230318신규아이디.playground */ = {isa = PBXFileReference; lastKnownFileType = file.playground; path = "230318신규아이디.playground"; sourceTree = "<group>"; xcLanguageSpecificationIdentifier = xcode.lang.swift; };
		6F7694D029C5995500AF2F0D /* 230318mbti.playground */ = {isa = PBXFileReference; lastKnownFileType = file.playground; path = 230318mbti.playground; sourceTree = "<group>"; xcLanguageSpecificationIdentifier = xcode.lang.swift; };
		A77A996229A0FCF600A5B716 /* README.md */ = {isa = PBXFileReference; lastKnownFileType = net.daringfireball.markdown; path = README.md; sourceTree = "<group>"; };
		A77A996329A0FFDB00A5B716 /* KeyInput.swift */ = {isa = PBXFileReference; lastKnownFileType = sourcecode.swift; path = KeyInput.swift; sourceTree = "<group>"; };
		A7EE07C129A0F8B9007AA0A3 /* CodingTest */ = {isa = PBXFileReference; explicitFileType = "compiled.mach-o.executable"; includeInIndex = 0; path = CodingTest; sourceTree = BUILT_PRODUCTS_DIR; };
		A7EE07C429A0F8B9007AA0A3 /* main.swift */ = {isa = PBXFileReference; lastKnownFileType = sourcecode.swift; path = main.swift; sourceTree = "<group>"; };
/* End PBXFileReference section */

/* Begin PBXFrameworksBuildPhase section */
		A7EE07BE29A0F8B9007AA0A3 /* Frameworks */ = {
			isa = PBXFrameworksBuildPhase;
			buildActionMask = 2147483647;
			files = (
			);
			runOnlyForDeploymentPostprocessing = 0;
		};
/* End PBXFrameworksBuildPhase section */

/* Begin PBXGroup section */
		6F0CD65129B6C9DA00F497FC /* CodingTest */ = {
			isa = PBXGroup;
			children = (
				6F7694CE29C598F100AF2F0D /* 230318 */,
				6F7694CB29C014BA00AF2F0D /* 230314 */,
				6F0CD65529BC271000F497FC /* 230311 */,
				6F0CD65429BC270400F497FC /* 230307 */,
			);
			path = CodingTest;
			sourceTree = "<group>";
		};
		6F0CD65429BC270400F497FC /* 230307 */ = {
			isa = PBXGroup;
			children = (
				6F0CD65229B6CA1300F497FC /* 230307NumString.playground */,
				6F0CD65329B6DC0800F497FC /* 230307보물지도.playground */,
			);
			path = 230307;
			sourceTree = "<group>";
		};
		6F0CD65529BC271000F497FC /* 230311 */ = {
			isa = PBXGroup;
			children = (
				6F0CD65629BC280F00F497FC /* 230311실패율.playground */,
				6F0CD65729BC563000F497FC /* 230311다트게임.playground */,
			);
			path = 230311;
			sourceTree = "<group>";
		};
		6F7694CB29C014BA00AF2F0D /* 230314 */ = {
			isa = PBXGroup;
			children = (
				6F7694CC29C014CC00AF2F0D /* 230314크레인.playground */,
				6F7694CD29C02E9B00AF2F0D /* 230314키패드.playground */,
			);
			path = 230314;
			sourceTree = "<group>";
		};
		6F7694CE29C598F100AF2F0D /* 230318 */ = {
			isa = PBXGroup;
			children = (
				6F7694CF29C5992200AF2F0D /* 230318신규아이디.playground */,
				6F7694D029C5995500AF2F0D /* 230318mbti.playground */,
			);
			path = 230318;
			sourceTree = "<group>";
		};
		A77A996529A134E900A5B716 /* Public */ = {
			isa = PBXGroup;
			children = (
				6F0CD65129B6C9DA00F497FC /* CodingTest */,
				A77A996329A0FFDB00A5B716 /* KeyInput.swift */,
				A7EE07C429A0F8B9007AA0A3 /* main.swift */,
			);
			path = Public;
			sourceTree = "<group>";
		};
		A7EE07B829A0F8B9007AA0A3 = {
			isa = PBXGroup;
			children = (
				A77A996229A0FCF600A5B716 /* README.md */,
				A7EE07C329A0F8B9007AA0A3 /* CodingTest */,
				A7EE07C229A0F8B9007AA0A3 /* Products */,
			);
			sourceTree = "<group>";
		};
		A7EE07C229A0F8B9007AA0A3 /* Products */ = {
			isa = PBXGroup;
			children = (
				A7EE07C129A0F8B9007AA0A3 /* CodingTest */,
			);
			name = Products;
			sourceTree = "<group>";
		};
		A7EE07C329A0F8B9007AA0A3 /* CodingTest */ = {
			isa = PBXGroup;
			children = (
				A77A996529A134E900A5B716 /* Public */,
			);
			path = CodingTest;
			sourceTree = "<group>";
		};
/* End PBXGroup section */

/* Begin PBXNativeTarget section */
		A7EE07C029A0F8B9007AA0A3 /* CodingTest */ = {
			isa = PBXNativeTarget;
			buildConfigurationList = A7EE07C829A0F8B9007AA0A3 /* Build configuration list for PBXNativeTarget "CodingTest" */;
			buildPhases = (
				A7EE07BD29A0F8B9007AA0A3 /* Sources */,
				A7EE07BE29A0F8B9007AA0A3 /* Frameworks */,
				A7EE07BF29A0F8B9007AA0A3 /* CopyFiles */,
			);
			buildRules = (
			);
			dependencies = (
			);
			name = CodingTest;
			productName = CodingTest;
			productReference = A7EE07C129A0F8B9007AA0A3 /* CodingTest */;
			productType = "com.apple.product-type.tool";
		};
/* End PBXNativeTarget section */

/* Begin PBXProject section */
		A7EE07B929A0F8B9007AA0A3 /* Project object */ = {
			isa = PBXProject;
			attributes = {
				BuildIndependentTargetsInParallel = 1;
				LastSwiftUpdateCheck = 1420;
				LastUpgradeCheck = 1420;
				TargetAttributes = {
					A7EE07C029A0F8B9007AA0A3 = {
						CreatedOnToolsVersion = 14.2;
					};
				};
			};
			buildConfigurationList = A7EE07BC29A0F8B9007AA0A3 /* Build configuration list for PBXProject "CodingTest" */;
			compatibilityVersion = "Xcode 14.0";
			developmentRegion = en;
			hasScannedForEncodings = 0;
			knownRegions = (
				en,
				Base,
			);
			mainGroup = A7EE07B829A0F8B9007AA0A3;
			productRefGroup = A7EE07C229A0F8B9007AA0A3 /* Products */;
			projectDirPath = "";
			projectRoot = "";
			targets = (
				A7EE07C029A0F8B9007AA0A3 /* CodingTest */,
			);
		};
/* End PBXProject section */

/* Begin PBXSourcesBuildPhase section */
		A7EE07BD29A0F8B9007AA0A3 /* Sources */ = {
			isa = PBXSourcesBuildPhase;
			buildActionMask = 2147483647;
			files = (
				A77A996429A0FFDB00A5B716 /* KeyInput.swift in Sources */,
				A7EE07C529A0F8B9007AA0A3 /* main.swift in Sources */,
			);
			runOnlyForDeploymentPostprocessing = 0;
		};
/* End PBXSourcesBuildPhase section */

/* Begin XCBuildConfiguration section */
		A7EE07C629A0F8B9007AA0A3 /* Debug */ = {
			isa = XCBuildConfiguration;
			buildSettings = {
				ALWAYS_SEARCH_USER_PATHS = NO;
				CLANG_ANALYZER_NONNULL = YES;
				CLANG_ANALYZER_NUMBER_OBJECT_CONVERSION = YES_AGGRESSIVE;
				CLANG_CXX_LANGUAGE_STANDARD = "gnu++20";
				CLANG_ENABLE_MODULES = YES;
				CLANG_ENABLE_OBJC_ARC = YES;
				CLANG_ENABLE_OBJC_WEAK = YES;
				CLANG_WARN_BLOCK_CAPTURE_AUTORELEASING = YES;
				CLANG_WARN_BOOL_CONVERSION = YES;
				CLANG_WARN_COMMA = YES;
				CLANG_WARN_CONSTANT_CONVERSION = YES;
				CLANG_WARN_DEPRECATED_OBJC_IMPLEMENTATIONS = YES;
				CLANG_WARN_DIRECT_OBJC_ISA_USAGE = YES_ERROR;
				CLANG_WARN_DOCUMENTATION_COMMENTS = YES;
				CLANG_WARN_EMPTY_BODY = YES;
				CLANG_WARN_ENUM_CONVERSION = YES;
				CLANG_WARN_INFINITE_RECURSION = YES;
				CLANG_WARN_INT_CONVERSION = YES;
				CLANG_WARN_NON_LITERAL_NULL_CONVERSION = YES;
				CLANG_WARN_OBJC_IMPLICIT_RETAIN_SELF = YES;
				CLANG_WARN_OBJC_LITERAL_CONVERSION = YES;
				CLANG_WARN_OBJC_ROOT_CLASS = YES_ERROR;
				CLANG_WARN_QUOTED_INCLUDE_IN_FRAMEWORK_HEADER = YES;
				CLANG_WARN_RANGE_LOOP_ANALYSIS = YES;
				CLANG_WARN_STRICT_PROTOTYPES = YES;
				CLANG_WARN_SUSPICIOUS_MOVE = YES;
				CLANG_WARN_UNGUARDED_AVAILABILITY = YES_AGGRESSIVE;
				CLANG_WARN_UNREACHABLE_CODE = YES;
				CLANG_WARN__DUPLICATE_METHOD_MATCH = YES;
				COPY_PHASE_STRIP = NO;
				DEBUG_INFORMATION_FORMAT = dwarf;
				ENABLE_STRICT_OBJC_MSGSEND = YES;
				ENABLE_TESTABILITY = YES;
				GCC_C_LANGUAGE_STANDARD = gnu11;
				GCC_DYNAMIC_NO_PIC = NO;
				GCC_NO_COMMON_BLOCKS = YES;
				GCC_OPTIMIZATION_LEVEL = 0;
				GCC_PREPROCESSOR_DEFINITIONS = (
					"DEBUG=1",
					"$(inherited)",
				);
				GCC_WARN_64_TO_32_BIT_CONVERSION = YES;
				GCC_WARN_ABOUT_RETURN_TYPE = YES_ERROR;
				GCC_WARN_UNDECLARED_SELECTOR = YES;
				GCC_WARN_UNINITIALIZED_AUTOS = YES_AGGRESSIVE;
				GCC_WARN_UNUSED_FUNCTION = YES;
				GCC_WARN_UNUSED_VARIABLE = YES;
				MACOSX_DEPLOYMENT_TARGET = 13.1;
				MTL_ENABLE_DEBUG_INFO = INCLUDE_SOURCE;
				MTL_FAST_MATH = YES;
				ONLY_ACTIVE_ARCH = YES;
				SDKROOT = macosx;
				SWIFT_ACTIVE_COMPILATION_CONDITIONS = DEBUG;
				SWIFT_OPTIMIZATION_LEVEL = "-Onone";
			};
			name = Debug;
		};
		A7EE07C729A0F8B9007AA0A3 /* Release */ = {
			isa = XCBuildConfiguration;
			buildSettings = {
				ALWAYS_SEARCH_USER_PATHS = NO;
				CLANG_ANALYZER_NONNULL = YES;
				CLANG_ANALYZER_NUMBER_OBJECT_CONVERSION = YES_AGGRESSIVE;
				CLANG_CXX_LANGUAGE_STANDARD = "gnu++20";
				CLANG_ENABLE_MODULES = YES;
				CLANG_ENABLE_OBJC_ARC = YES;
				CLANG_ENABLE_OBJC_WEAK = YES;
				CLANG_WARN_BLOCK_CAPTURE_AUTORELEASING = YES;
				CLANG_WARN_BOOL_CONVERSION = YES;
				CLANG_WARN_COMMA = YES;
				CLANG_WARN_CONSTANT_CONVERSION = YES;
				CLANG_WARN_DEPRECATED_OBJC_IMPLEMENTATIONS = YES;
				CLANG_WARN_DIRECT_OBJC_ISA_USAGE = YES_ERROR;
				CLANG_WARN_DOCUMENTATION_COMMENTS = YES;
				CLANG_WARN_EMPTY_BODY = YES;
				CLANG_WARN_ENUM_CONVERSION = YES;
				CLANG_WARN_INFINITE_RECURSION = YES;
				CLANG_WARN_INT_CONVERSION = YES;
				CLANG_WARN_NON_LITERAL_NULL_CONVERSION = YES;
				CLANG_WARN_OBJC_IMPLICIT_RETAIN_SELF = YES;
				CLANG_WARN_OBJC_LITERAL_CONVERSION = YES;
				CLANG_WARN_OBJC_ROOT_CLASS = YES_ERROR;
				CLANG_WARN_QUOTED_INCLUDE_IN_FRAMEWORK_HEADER = YES;
				CLANG_WARN_RANGE_LOOP_ANALYSIS = YES;
				CLANG_WARN_STRICT_PROTOTYPES = YES;
				CLANG_WARN_SUSPICIOUS_MOVE = YES;
				CLANG_WARN_UNGUARDED_AVAILABILITY = YES_AGGRESSIVE;
				CLANG_WARN_UNREACHABLE_CODE = YES;
				CLANG_WARN__DUPLICATE_METHOD_MATCH = YES;
				COPY_PHASE_STRIP = NO;
				DEBUG_INFORMATION_FORMAT = "dwarf-with-dsym";
				ENABLE_NS_ASSERTIONS = NO;
				ENABLE_STRICT_OBJC_MSGSEND = YES;
				GCC_C_LANGUAGE_STANDARD = gnu11;
				GCC_NO_COMMON_BLOCKS = YES;
				GCC_WARN_64_TO_32_BIT_CONVERSION = YES;
				GCC_WARN_ABOUT_RETURN_TYPE = YES_ERROR;
				GCC_WARN_UNDECLARED_SELECTOR = YES;
				GCC_WARN_UNINITIALIZED_AUTOS = YES_AGGRESSIVE;
				GCC_WARN_UNUSED_FUNCTION = YES;
				GCC_WARN_UNUSED_VARIABLE = YES;
				MACOSX_DEPLOYMENT_TARGET = 13.1;
				MTL_ENABLE_DEBUG_INFO = NO;
				MTL_FAST_MATH = YES;
				SDKROOT = macosx;
				SWIFT_COMPILATION_MODE = wholemodule;
				SWIFT_OPTIMIZATION_LEVEL = "-O";
			};
			name = Release;
		};
		A7EE07C929A0F8B9007AA0A3 /* Debug */ = {
			isa = XCBuildConfiguration;
			buildSettings = {
				CODE_SIGN_STYLE = Automatic;
				DEVELOPMENT_TEAM = 48RM3UNKQU;
				ENABLE_HARDENED_RUNTIME = YES;
				PRODUCT_NAME = "$(TARGET_NAME)";
				SWIFT_VERSION = 5.0;
			};
			name = Debug;
		};
		A7EE07CA29A0F8B9007AA0A3 /* Release */ = {
			isa = XCBuildConfiguration;
			buildSettings = {
				CODE_SIGN_STYLE = Automatic;
				DEVELOPMENT_TEAM = 48RM3UNKQU;
				ENABLE_HARDENED_RUNTIME = YES;
				PRODUCT_NAME = "$(TARGET_NAME)";
				SWIFT_VERSION = 5.0;
			};
			name = Release;
		};
/* End XCBuildConfiguration section */

/* Begin XCConfigurationList section */
		A7EE07BC29A0F8B9007AA0A3 /* Build configuration list for PBXProject "CodingTest" */ = {
			isa = XCConfigurationList;
			buildConfigurations = (
				A7EE07C629A0F8B9007AA0A3 /* Debug */,
				A7EE07C729A0F8B9007AA0A3 /* Release */,
			);
			defaultConfigurationIsVisible = 0;
			defaultConfigurationName = Release;
		};
		A7EE07C829A0F8B9007AA0A3 /* Build configuration list for PBXNativeTarget "CodingTest" */ = {
			isa = XCConfigurationList;
			buildConfigurations = (
				A7EE07C929A0F8B9007AA0A3 /* Debug */,
				A7EE07CA29A0F8B9007AA0A3 /* Release */,
			);
			defaultConfigurationIsVisible = 0;
			defaultConfigurationName = Release;
		};
/* End XCConfigurationList section */
	};
	rootObject = A7EE07B929A0F8B9007AA0A3 /* Project object */;
}
